// !$*UTF8*$!
{
	archiveVersion = 1;
	classes = {
	};
	objectVersion = 46;
	objects = {

/* Begin PBXBuildFile section */
		020215951C9AB1E800D5F0D0 /* Music.swift in Sources */ = {isa = PBXBuildFile; fileRef = 020215941C9AB1E800D5F0D0 /* Music.swift */; };
		020215971C9AB22300D5F0D0 /* SettingVC.swift in Sources */ = {isa = PBXBuildFile; fileRef = 020215961C9AB22300D5F0D0 /* SettingVC.swift */; };
		020215991C9AB5B300D5F0D0 /* SettingVC.xib in Resources */ = {isa = PBXBuildFile; fileRef = 020215981C9AB5B300D5F0D0 /* SettingVC.xib */; };
		0202159D1C9AC70F00D5F0D0 /* Little Numbers.mp3 in Resources */ = {isa = PBXBuildFile; fileRef = 0202159C1C9AC70F00D5F0D0 /* Little Numbers.mp3 */; };
		0254FC981C99779C0076D015 /* RunVC.swift in Sources */ = {isa = PBXBuildFile; fileRef = 0254FC961C99779C0076D015 /* RunVC.swift */; };
		0254FC991C99779C0076D015 /* RunVC.xib in Resources */ = {isa = PBXBuildFile; fileRef = 0254FC971C99779C0076D015 /* RunVC.xib */; };
		02E0789D1C97D1B700E4BA01 /* ABCIntroView.m in Sources */ = {isa = PBXBuildFile; fileRef = 02E0789C1C97D1B700E4BA01 /* ABCIntroView.m */; };
		02E078A61C993EB200E4BA01 /* UIView+FrameSet.m in Sources */ = {isa = PBXBuildFile; fileRef = 02E078A31C993EB200E4BA01 /* UIView+FrameSet.m */; };
		02E078A71C993EB200E4BA01 /* CBChartView.m in Sources */ = {isa = PBXBuildFile; fileRef = 02E078A51C993EB200E4BA01 /* CBChartView.m */; };
		02E6B1B01C9572A7006BA1EB /* AppDelegate.swift in Sources */ = {isa = PBXBuildFile; fileRef = 02E6B1AF1C9572A7006BA1EB /* AppDelegate.swift */; };
		02E6B1B21C9572A7006BA1EB /* ViewController.swift in Sources */ = {isa = PBXBuildFile; fileRef = 02E6B1B11C9572A7006BA1EB /* ViewController.swift */; };
		02E6B1B51C9572A7006BA1EB /* Main.storyboard in Resources */ = {isa = PBXBuildFile; fileRef = 02E6B1B31C9572A7006BA1EB /* Main.storyboard */; };
		02E6B1B71C9572A7006BA1EB /* Assets.xcassets in Resources */ = {isa = PBXBuildFile; fileRef = 02E6B1B61C9572A7006BA1EB /* Assets.xcassets */; };
		02E6B1BA1C9572A7006BA1EB /* LaunchScreen.storyboard in Resources */ = {isa = PBXBuildFile; fileRef = 02E6B1B81C9572A7006BA1EB /* LaunchScreen.storyboard */; };
		02E6B1C51C9572A7006BA1EB /* ___Tests.swift in Sources */ = {isa = PBXBuildFile; fileRef = 02E6B1C41C9572A7006BA1EB /* ___Tests.swift */; };
		02E6B1D01C9572A7006BA1EB /* ___UITests.swift in Sources */ = {isa = PBXBuildFile; fileRef = 02E6B1CF1C9572A7006BA1EB /* ___UITests.swift */; };
		02E6B1E01C958874006BA1EB /* Location.swift in Sources */ = {isa = PBXBuildFile; fileRef = 02E6B1DF1C958874006BA1EB /* Location.swift */; };
		02E6B1E21C958DE9006BA1EB /* MapViewController.swift in Sources */ = {isa = PBXBuildFile; fileRef = 02E6B1E11C958DE9006BA1EB /* MapViewController.swift */; };
		02E6B1E51C95A73A006BA1EB /* SideMenu.swift in Sources */ = {isa = PBXBuildFile; fileRef = 02E6B1E31C95A73A006BA1EB /* SideMenu.swift */; };
		02E6B1E61C95A73A006BA1EB /* MenuTableViewController.swift in Sources */ = {isa = PBXBuildFile; fileRef = 02E6B1E41C95A73A006BA1EB /* MenuTableViewController.swift */; };
		02E6B1E81C95A7CD006BA1EB /* image.png in Resources */ = {isa = PBXBuildFile; fileRef = 02E6B1E71C95A7CD006BA1EB /* image.png */; };
		02E6B1EE1C95B841006BA1EB /* Commen.swift in Sources */ = {isa = PBXBuildFile; fileRef = 02E6B1ED1C95B841006BA1EB /* Commen.swift */; };
		02F7C68F1C9A660000F7DC12 /* Cences.swift in Sources */ = {isa = PBXBuildFile; fileRef = 02F7C68E1C9A660000F7DC12 /* Cences.swift */; };
		02F7C6931C9A859500F7DC12 /* szj.jpg in Resources */ = {isa = PBXBuildFile; fileRef = 02F7C6921C9A859500F7DC12 /* szj.jpg */; };
		02F7C6981C9A8D4900F7DC12 /* v4.png in Resources */ = {isa = PBXBuildFile; fileRef = 02F7C6941C9A8D4900F7DC12 /* v4.png */; };
		02F7C6991C9A8D4900F7DC12 /* v3.png in Resources */ = {isa = PBXBuildFile; fileRef = 02F7C6951C9A8D4900F7DC12 /* v3.png */; };
		02F7C69A1C9A8D4900F7DC12 /* v2.png in Resources */ = {isa = PBXBuildFile; fileRef = 02F7C6961C9A8D4900F7DC12 /* v2.png */; };
		02F7C69B1C9A8D4900F7DC12 /* v1.png in Resources */ = {isa = PBXBuildFile; fileRef = 02F7C6971C9A8D4900F7DC12 /* v1.png */; };
/* End PBXBuildFile section */

/* Begin PBXContainerItemProxy section */
		02E6B1C11C9572A7006BA1EB /* PBXContainerItemProxy */ = {
			isa = PBXContainerItemProxy;
			containerPortal = 02E6B1A41C9572A7006BA1EB /* Project object */;
			proxyType = 1;
			remoteGlobalIDString = 02E6B1AB1C9572A7006BA1EB;
			remoteInfo = "计步器";
		};
		02E6B1CC1C9572A7006BA1EB /* PBXContainerItemProxy */ = {
			isa = PBXContainerItemProxy;
			containerPortal = 02E6B1A41C9572A7006BA1EB /* Project object */;
			proxyType = 1;
			remoteGlobalIDString = 02E6B1AB1C9572A7006BA1EB;
			remoteInfo = "计步器";
		};
/* End PBXContainerItemProxy section */

/* Begin PBXFileReference section */
		020215941C9AB1E800D5F0D0 /* Music.swift */ = {isa = PBXFileReference; fileEncoding = 4; lastKnownFileType = sourcecode.swift; path = Music.swift; sourceTree = "<group>"; };
		020215961C9AB22300D5F0D0 /* SettingVC.swift */ = {isa = PBXFileReference; fileEncoding = 4; lastKnownFileType = sourcecode.swift; path = SettingVC.swift; sourceTree = "<group>"; };
		020215981C9AB5B300D5F0D0 /* SettingVC.xib */ = {isa = PBXFileReference; fileEncoding = 4; lastKnownFileType = file.xib; path = SettingVC.xib; sourceTree = "<group>"; };
		0202159C1C9AC70F00D5F0D0 /* Little Numbers.mp3 */ = {isa = PBXFileReference; lastKnownFileType = audio.mp3; path = "Little Numbers.mp3"; sourceTree = "<group>"; };
		0254FC961C99779C0076D015 /* RunVC.swift */ = {isa = PBXFileReference; fileEncoding = 4; lastKnownFileType = sourcecode.swift; path = RunVC.swift; sourceTree = "<group>"; };
		0254FC971C99779C0076D015 /* RunVC.xib */ = {isa = PBXFileReference; fileEncoding = 4; lastKnownFileType = file.xib; path = RunVC.xib; sourceTree = "<group>"; };
		02E0789A1C97D1B600E4BA01 /* 计步器-Bridging-Header.h */ = {isa = PBXFileReference; lastKnownFileType = sourcecode.c.h; path = "计步器-Bridging-Header.h"; sourceTree = "<group>"; };
		02E0789B1C97D1B700E4BA01 /* ABCIntroView.h */ = {isa = PBXFileReference; fileEncoding = 4; lastKnownFileType = sourcecode.c.h; path = ABCIntroView.h; sourceTree = "<group>"; };
		02E0789C1C97D1B700E4BA01 /* ABCIntroView.m */ = {isa = PBXFileReference; fileEncoding = 4; lastKnownFileType = sourcecode.c.objc; path = ABCIntroView.m; sourceTree = "<group>"; };
		02E078A21C993EB200E4BA01 /* UIView+FrameSet.h */ = {isa = PBXFileReference; fileEncoding = 4; lastKnownFileType = sourcecode.c.h; path = "UIView+FrameSet.h"; sourceTree = "<group>"; };
		02E078A31C993EB200E4BA01 /* UIView+FrameSet.m */ = {isa = PBXFileReference; fileEncoding = 4; lastKnownFileType = sourcecode.c.objc; path = "UIView+FrameSet.m"; sourceTree = "<group>"; };
		02E078A41C993EB200E4BA01 /* CBChartView.h */ = {isa = PBXFileReference; fileEncoding = 4; lastKnownFileType = sourcecode.c.h; path = CBChartView.h; sourceTree = "<group>"; };
		02E078A51C993EB200E4BA01 /* CBChartView.m */ = {isa = PBXFileReference; fileEncoding = 4; lastKnownFileType = sourcecode.c.objc; path = CBChartView.m; sourceTree = "<group>"; };
		02E6B1AC1C9572A7006BA1EB /* Sulo.app */ = {isa = PBXFileReference; explicitFileType = wrapper.application; includeInIndex = 0; path = Sulo.app; sourceTree = BUILT_PRODUCTS_DIR; };
		02E6B1AF1C9572A7006BA1EB /* AppDelegate.swift */ = {isa = PBXFileReference; lastKnownFileType = sourcecode.swift; path = AppDelegate.swift; sourceTree = "<group>"; };
		02E6B1B11C9572A7006BA1EB /* ViewController.swift */ = {isa = PBXFileReference; lastKnownFileType = sourcecode.swift; path = ViewController.swift; sourceTree = "<group>"; };
		02E6B1B41C9572A7006BA1EB /* Base */ = {isa = PBXFileReference; lastKnownFileType = file.storyboard; name = Base; path = Base.lproj/Main.storyboard; sourceTree = "<group>"; };
		02E6B1B61C9572A7006BA1EB /* Assets.xcassets */ = {isa = PBXFileReference; lastKnownFileType = folder.assetcatalog; path = Assets.xcassets; sourceTree = "<group>"; };
		02E6B1B91C9572A7006BA1EB /* Base */ = {isa = PBXFileReference; lastKnownFileType = file.storyboard; name = Base; path = Base.lproj/LaunchScreen.storyboard; sourceTree = "<group>"; };
		02E6B1BB1C9572A7006BA1EB /* Info.plist */ = {isa = PBXFileReference; lastKnownFileType = text.plist.xml; path = Info.plist; sourceTree = "<group>"; };
		02E6B1C01C9572A7006BA1EB /* Sulo.xctest */ = {isa = PBXFileReference; explicitFileType = wrapper.cfbundle; includeInIndex = 0; path = Sulo.xctest; sourceTree = BUILT_PRODUCTS_DIR; };
		02E6B1C41C9572A7006BA1EB /* ___Tests.swift */ = {isa = PBXFileReference; lastKnownFileType = sourcecode.swift; path = "___Tests.swift"; sourceTree = "<group>"; };
		02E6B1C61C9572A7006BA1EB /* Info.plist */ = {isa = PBXFileReference; lastKnownFileType = text.plist.xml; path = Info.plist; sourceTree = "<group>"; };
		02E6B1CB1C9572A7006BA1EB /* Sulo.xctest */ = {isa = PBXFileReference; explicitFileType = wrapper.cfbundle; includeInIndex = 0; path = Sulo.xctest; sourceTree = BUILT_PRODUCTS_DIR; };
		02E6B1CF1C9572A7006BA1EB /* ___UITests.swift */ = {isa = PBXFileReference; lastKnownFileType = sourcecode.swift; path = "___UITests.swift"; sourceTree = "<group>"; };
		02E6B1D11C9572A7006BA1EB /* Info.plist */ = {isa = PBXFileReference; lastKnownFileType = text.plist.xml; path = Info.plist; sourceTree = "<group>"; };
		02E6B1DF1C958874006BA1EB /* Location.swift */ = {isa = PBXFileReference; fileEncoding = 4; lastKnownFileType = sourcecode.swift; path = Location.swift; sourceTree = "<group>"; };
		02E6B1E11C958DE9006BA1EB /* MapViewController.swift */ = {isa = PBXFileReference; fileEncoding = 4; lastKnownFileType = sourcecode.swift; path = MapViewController.swift; sourceTree = "<group>"; };
		02E6B1E31C95A73A006BA1EB /* SideMenu.swift */ = {isa = PBXFileReference; fileEncoding = 4; lastKnownFileType = sourcecode.swift; path = SideMenu.swift; sourceTree = "<group>"; };
		02E6B1E41C95A73A006BA1EB /* MenuTableViewController.swift */ = {isa = PBXFileReference; fileEncoding = 4; lastKnownFileType = sourcecode.swift; path = MenuTableViewController.swift; sourceTree = "<group>"; };
		02E6B1E71C95A7CD006BA1EB /* image.png */ = {isa = PBXFileReference; lastKnownFileType = image.png; path = image.png; sourceTree = "<group>"; };
		02E6B1ED1C95B841006BA1EB /* Commen.swift */ = {isa = PBXFileReference; fileEncoding = 4; lastKnownFileType = sourcecode.swift; path = Commen.swift; sourceTree = "<group>"; };
		02F7C68E1C9A660000F7DC12 /* Cences.swift */ = {isa = PBXFileReference; fileEncoding = 4; lastKnownFileType = sourcecode.swift; path = Cences.swift; sourceTree = "<group>"; };
		02F7C6921C9A859500F7DC12 /* szj.jpg */ = {isa = PBXFileReference; lastKnownFileType = image.jpeg; path = szj.jpg; sourceTree = "<group>"; };
		02F7C6941C9A8D4900F7DC12 /* v4.png */ = {isa = PBXFileReference; lastKnownFileType = image.png; path = v4.png; sourceTree = "<group>"; };
		02F7C6951C9A8D4900F7DC12 /* v3.png */ = {isa = PBXFileReference; lastKnownFileType = image.png; path = v3.png; sourceTree = "<group>"; };
		02F7C6961C9A8D4900F7DC12 /* v2.png */ = {isa = PBXFileReference; lastKnownFileType = image.png; path = v2.png; sourceTree = "<group>"; };
		02F7C6971C9A8D4900F7DC12 /* v1.png */ = {isa = PBXFileReference; lastKnownFileType = image.png; path = v1.png; sourceTree = "<group>"; };
/* End PBXFileReference section */

/* Begin PBXFrameworksBuildPhase section */
		02E6B1A91C9572A7006BA1EB /* Frameworks */ = {
			isa = PBXFrameworksBuildPhase;
			buildActionMask = 2147483647;
			files = (
			);
			runOnlyForDeploymentPostprocessing = 0;
		};
		02E6B1BD1C9572A7006BA1EB /* Frameworks */ = {
			isa = PBXFrameworksBuildPhase;
			buildActionMask = 2147483647;
			files = (
			);
			runOnlyForDeploymentPostprocessing = 0;
		};
		02E6B1C81C9572A7006BA1EB /* Frameworks */ = {
			isa = PBXFrameworksBuildPhase;
			buildActionMask = 2147483647;
			files = (
			);
			runOnlyForDeploymentPostprocessing = 0;
		};
/* End PBXFrameworksBuildPhase section */

/* Begin PBXGroup section */
		0202159E1C9ACD0500D5F0D0 /* Images */ = {
			isa = PBXGroup;
			children = (
				02F7C6921C9A859500F7DC12 /* szj.jpg */,
				02E6B1E71C95A7CD006BA1EB /* image.png */,
				02F7C6941C9A8D4900F7DC12 /* v4.png */,
				02F7C6951C9A8D4900F7DC12 /* v3.png */,
				02F7C6961C9A8D4900F7DC12 /* v2.png */,
				02F7C6971C9A8D4900F7DC12 /* v1.png */,
			);
			name = Images;
			sourceTree = "<group>";
		};
		02E0788F1C97BFD200E4BA01 /* View */ = {
			isa = PBXGroup;
			children = (
				02E6B1B11C9572A7006BA1EB /* ViewController.swift */,
				020215961C9AB22300D5F0D0 /* SettingVC.swift */,
				0254FC961C99779C0076D015 /* RunVC.swift */,
				02E6B1E11C958DE9006BA1EB /* MapViewController.swift */,
			);
			name = View;
			sourceTree = "<group>";
		};
		02E078901C97BFDD00E4BA01 /* Model */ = {
			isa = PBXGroup;
			children = (
				02E6B1DF1C958874006BA1EB /* Location.swift */,
				02F7C68E1C9A660000F7DC12 /* Cences.swift */,
			);
			name = Model;
			sourceTree = "<group>";
		};
		02E078911C97BFE600E4BA01 /* Operation */ = {
			isa = PBXGroup;
			children = (
				020215941C9AB1E800D5F0D0 /* Music.swift */,
			);
			name = Operation;
			sourceTree = "<group>";
		};
		02E078921C97BFFA00E4BA01 /* Resources */ = {
			isa = PBXGroup;
			children = (
				0202159E1C9ACD0500D5F0D0 /* Images */,
				02E078941C97C02900E4BA01 /* nib */,
				02E6B1B61C9572A7006BA1EB /* Assets.xcassets */,
				0202159C1C9AC70F00D5F0D0 /* Little Numbers.mp3 */,
			);
			name = Resources;
			sourceTree = "<group>";
		};
		02E078931C97C00600E4BA01 /* Unitity */ = {
			isa = PBXGroup;
			children = (
				02E6B1AF1C9572A7006BA1EB /* AppDelegate.swift */,
				02E6B1ED1C95B841006BA1EB /* Commen.swift */,
				02E6B1BB1C9572A7006BA1EB /* Info.plist */,
			);
			name = Unitity;
			sourceTree = "<group>";
		};
		02E078941C97C02900E4BA01 /* nib */ = {
			isa = PBXGroup;
			children = (
				02E6B1B31C9572A7006BA1EB /* Main.storyboard */,
				0254FC971C99779C0076D015 /* RunVC.xib */,
				02E6B1B81C9572A7006BA1EB /* LaunchScreen.storyboard */,
				020215981C9AB5B300D5F0D0 /* SettingVC.xib */,
			);
			name = nib;
			sourceTree = "<group>";
		};
		02E078951C97C04300E4BA01 /* ThirdSDK */ = {
			isa = PBXGroup;
			children = (
				02E078A81C993EE600E4BA01 /* CBChart */,
				02E6B1E31C95A73A006BA1EB /* SideMenu.swift */,
				02E6B1E41C95A73A006BA1EB /* MenuTableViewController.swift */,
				02E0789B1C97D1B700E4BA01 /* ABCIntroView.h */,
				02E0789C1C97D1B700E4BA01 /* ABCIntroView.m */,
				02E0789A1C97D1B600E4BA01 /* 计步器-Bridging-Header.h */,
			);
			name = ThirdSDK;
			sourceTree = "<group>";
		};
		02E078A81C993EE600E4BA01 /* CBChart */ = {
			isa = PBXGroup;
			children = (
				02E078A21C993EB200E4BA01 /* UIView+FrameSet.h */,
				02E078A31C993EB200E4BA01 /* UIView+FrameSet.m */,
				02E078A41C993EB200E4BA01 /* CBChartView.h */,
				02E078A51C993EB200E4BA01 /* CBChartView.m */,
			);
			name = CBChart;
			sourceTree = "<group>";
		};
		02E6B1A31C9572A7006BA1EB = {
			isa = PBXGroup;
			children = (
				02E6B1AE1C9572A7006BA1EB /* 计步器 */,
				02E6B1C31C9572A7006BA1EB /* 计步器Tests */,
				02E6B1CE1C9572A7006BA1EB /* 计步器UITests */,
				02E6B1AD1C9572A7006BA1EB /* Products */,
			);
			sourceTree = "<group>";
		};
		02E6B1AD1C9572A7006BA1EB /* Products */ = {
			isa = PBXGroup;
			children = (
				02E6B1AC1C9572A7006BA1EB /* Sulo.app */,
				02E6B1C01C9572A7006BA1EB /* Sulo.xctest */,
				02E6B1CB1C9572A7006BA1EB /* Sulo.xctest */,
			);
			name = Products;
			sourceTree = "<group>";
		};
		02E6B1AE1C9572A7006BA1EB /* 计步器 */ = {
			isa = PBXGroup;
			children = (
				02E078951C97C04300E4BA01 /* ThirdSDK */,
				02E078931C97C00600E4BA01 /* Unitity */,
				02E078921C97BFFA00E4BA01 /* Resources */,
				02E078911C97BFE600E4BA01 /* Operation */,
				02E078901C97BFDD00E4BA01 /* Model */,
				02E0788F1C97BFD200E4BA01 /* View */,
			);
			path = "计步器";
			sourceTree = "<group>";
		};
		02E6B1C31C9572A7006BA1EB /* 计步器Tests */ = {
			isa = PBXGroup;
			children = (
				02E6B1C41C9572A7006BA1EB /* ___Tests.swift */,
				02E6B1C61C9572A7006BA1EB /* Info.plist */,
			);
			path = "计步器Tests";
			sourceTree = "<group>";
		};
		02E6B1CE1C9572A7006BA1EB /* 计步器UITests */ = {
			isa = PBXGroup;
			children = (
				02E6B1CF1C9572A7006BA1EB /* ___UITests.swift */,
				02E6B1D11C9572A7006BA1EB /* Info.plist */,
			);
			path = "计步器UITests";
			sourceTree = "<group>";
		};
/* End PBXGroup section */

/* Begin PBXNativeTarget section */
		02E6B1AB1C9572A7006BA1EB /* Sulo */ = {
			isa = PBXNativeTarget;
			buildConfigurationList = 02E6B1D41C9572A7006BA1EB /* Build configuration list for PBXNativeTarget "Sulo" */;
			buildPhases = (
				02E6B1A81C9572A7006BA1EB /* Sources */,
				02E6B1A91C9572A7006BA1EB /* Frameworks */,
				02E6B1AA1C9572A7006BA1EB /* Resources */,
			);
			buildRules = (
			);
			dependencies = (
			);
			name = Sulo;
			productName = "计步器";
			productReference = 02E6B1AC1C9572A7006BA1EB /* Sulo.app */;
			productType = "com.apple.product-type.application";
		};
		02E6B1BF1C9572A7006BA1EB /* SuloTests */ = {
			isa = PBXNativeTarget;
			buildConfigurationList = 02E6B1D71C9572A7006BA1EB /* Build configuration list for PBXNativeTarget "SuloTests" */;
			buildPhases = (
				02E6B1BC1C9572A7006BA1EB /* Sources */,
				02E6B1BD1C9572A7006BA1EB /* Frameworks */,
				02E6B1BE1C9572A7006BA1EB /* Resources */,
			);
			buildRules = (
			);
			dependencies = (
				02E6B1C21C9572A7006BA1EB /* PBXTargetDependency */,
			);
			name = SuloTests;
			productName = "计步器Tests";
			productReference = 02E6B1C01C9572A7006BA1EB /* Sulo.xctest */;
			productType = "com.apple.product-type.bundle.unit-test";
		};
		02E6B1CA1C9572A7006BA1EB /* SuloUITests */ = {
			isa = PBXNativeTarget;
			buildConfigurationList = 02E6B1DA1C9572A7006BA1EB /* Build configuration list for PBXNativeTarget "SuloUITests" */;
			buildPhases = (
				02E6B1C71C9572A7006BA1EB /* Sources */,
				02E6B1C81C9572A7006BA1EB /* Frameworks */,
				02E6B1C91C9572A7006BA1EB /* Resources */,
			);
			buildRules = (
			);
			dependencies = (
				02E6B1CD1C9572A7006BA1EB /* PBXTargetDependency */,
			);
			name = SuloUITests;
			productName = "计步器UITests";
			productReference = 02E6B1CB1C9572A7006BA1EB /* Sulo.xctest */;
			productType = "com.apple.product-type.bundle.ui-testing";
		};
/* End PBXNativeTarget section */

/* Begin PBXProject section */
		02E6B1A41C9572A7006BA1EB /* Project object */ = {
			isa = PBXProject;
			attributes = {
				LastSwiftUpdateCheck = 0720;
				LastUpgradeCheck = 0720;
				ORGANIZATIONNAME = ccsu;
				TargetAttributes = {
					02E6B1AB1C9572A7006BA1EB = {
						CreatedOnToolsVersion = 7.2.1;
						DevelopmentTeam = 76WM337K9V;
					};
					02E6B1BF1C9572A7006BA1EB = {
						CreatedOnToolsVersion = 7.2.1;
						DevelopmentTeam = 76WM337K9V;
						TestTargetID = 02E6B1AB1C9572A7006BA1EB;
					};
					02E6B1CA1C9572A7006BA1EB = {
						CreatedOnToolsVersion = 7.2.1;
						DevelopmentTeam = 76WM337K9V;
						TestTargetID = 02E6B1AB1C9572A7006BA1EB;
					};
				};
			};
			buildConfigurationList = 02E6B1A71C9572A7006BA1EB /* Build configuration list for PBXProject "Sulo" */;
			compatibilityVersion = "Xcode 3.2";
			developmentRegion = English;
			hasScannedForEncodings = 0;
			knownRegions = (
				en,
				Base,
			);
			mainGroup = 02E6B1A31C9572A7006BA1EB;
			productRefGroup = 02E6B1AD1C9572A7006BA1EB /* Products */;
			projectDirPath = "";
			projectRoot = "";
			targets = (
				02E6B1AB1C9572A7006BA1EB /* Sulo */,
				02E6B1BF1C9572A7006BA1EB /* SuloTests */,
				02E6B1CA1C9572A7006BA1EB /* SuloUITests */,
			);
		};
/* End PBXProject section */

/* Begin PBXResourcesBuildPhase section */
		02E6B1AA1C9572A7006BA1EB /* Resources */ = {
			isa = PBXResourcesBuildPhase;
			buildActionMask = 2147483647;
			files = (
				02E6B1BA1C9572A7006BA1EB /* LaunchScreen.storyboard in Resources */,
				02F7C6931C9A859500F7DC12 /* szj.jpg in Resources */,
				02E6B1B71C9572A7006BA1EB /* Assets.xcassets in Resources */,
				02F7C6981C9A8D4900F7DC12 /* v4.png in Resources */,
				0202159D1C9AC70F00D5F0D0 /* Little Numbers.mp3 in Resources */,
				020215991C9AB5B300D5F0D0 /* SettingVC.xib in Resources */,
				02F7C69A1C9A8D4900F7DC12 /* v2.png in Resources */,
				02E6B1B51C9572A7006BA1EB /* Main.storyboard in Resources */,
				0254FC991C99779C0076D015 /* RunVC.xib in Resources */,
				02F7C69B1C9A8D4900F7DC12 /* v1.png in Resources */,
				02E6B1E81C95A7CD006BA1EB /* image.png in Resources */,
				02F7C6991C9A8D4900F7DC12 /* v3.png in Resources */,
			);
			runOnlyForDeploymentPostprocessing = 0;
		};
		02E6B1BE1C9572A7006BA1EB /* Resources */ = {
			isa = PBXResourcesBuildPhase;
			buildActionMask = 2147483647;
			files = (
			);
			runOnlyForDeploymentPostprocessing = 0;
		};
		02E6B1C91C9572A7006BA1EB /* Resources */ = {
			isa = PBXResourcesBuildPhase;
			buildActionMask = 2147483647;
			files = (
			);
			runOnlyForDeploymentPostprocessing = 0;
		};
/* End PBXResourcesBuildPhase section */

/* Begin PBXSourcesBuildPhase section */
		02E6B1A81C9572A7006BA1EB /* Sources */ = {
			isa = PBXSourcesBuildPhase;
			buildActionMask = 2147483647;
			files = (
				02E6B1B21C9572A7006BA1EB /* ViewController.swift in Sources */,
				020215971C9AB22300D5F0D0 /* SettingVC.swift in Sources */,
				02E0789D1C97D1B700E4BA01 /* ABCIntroView.m in Sources */,
				02E078A61C993EB200E4BA01 /* UIView+FrameSet.m in Sources */,
				02E6B1E01C958874006BA1EB /* Location.swift in Sources */,
				02E6B1E61C95A73A006BA1EB /* MenuTableViewController.swift in Sources */,
				020215951C9AB1E800D5F0D0 /* Music.swift in Sources */,
				02E078A71C993EB200E4BA01 /* CBChartView.m in Sources */,
				02E6B1E51C95A73A006BA1EB /* SideMenu.swift in Sources */,
				02E6B1B01C9572A7006BA1EB /* AppDelegate.swift in Sources */,
				02F7C68F1C9A660000F7DC12 /* Cences.swift in Sources */,
				0254FC981C99779C0076D015 /* RunVC.swift in Sources */,
				02E6B1EE1C95B841006BA1EB /* Commen.swift in Sources */,
				02E6B1E21C958DE9006BA1EB /* MapViewController.swift in Sources */,
			);
			runOnlyForDeploymentPostprocessing = 0;
		};
		02E6B1BC1C9572A7006BA1EB /* Sources */ = {
			isa = PBXSourcesBuildPhase;
			buildActionMask = 2147483647;
			files = (
				02E6B1C51C9572A7006BA1EB /* ___Tests.swift in Sources */,
			);
			runOnlyForDeploymentPostprocessing = 0;
		};
		02E6B1C71C9572A7006BA1EB /* Sources */ = {
			isa = PBXSourcesBuildPhase;
			buildActionMask = 2147483647;
			files = (
				02E6B1D01C9572A7006BA1EB /* ___UITests.swift in Sources */,
			);
			runOnlyForDeploymentPostprocessing = 0;
		};
/* End PBXSourcesBuildPhase section */

/* Begin PBXTargetDependency section */
		02E6B1C21C9572A7006BA1EB /* PBXTargetDependency */ = {
			isa = PBXTargetDependency;
			target = 02E6B1AB1C9572A7006BA1EB /* Sulo */;
			targetProxy = 02E6B1C11C9572A7006BA1EB /* PBXContainerItemProxy */;
		};
		02E6B1CD1C9572A7006BA1EB /* PBXTargetDependency */ = {
			isa = PBXTargetDependency;
			target = 02E6B1AB1C9572A7006BA1EB /* Sulo */;
			targetProxy = 02E6B1CC1C9572A7006BA1EB /* PBXContainerItemProxy */;
		};
/* End PBXTargetDependency section */

/* Begin PBXVariantGroup section */
		02E6B1B31C9572A7006BA1EB /* Main.storyboard */ = {
			isa = PBXVariantGroup;
			children = (
				02E6B1B41C9572A7006BA1EB /* Base */,
			);
			name = Main.storyboard;
			sourceTree = "<group>";
		};
		02E6B1B81C9572A7006BA1EB /* LaunchScreen.storyboard */ = {
			isa = PBXVariantGroup;
			children = (
				02E6B1B91C9572A7006BA1EB /* Base */,
			);
			name = LaunchScreen.storyboard;
			sourceTree = "<group>";
		};
/* End PBXVariantGroup section */

/* Begin XCBuildConfiguration section */
		02E6B1D21C9572A7006BA1EB /* Debug */ = {
			isa = XCBuildConfiguration;
			buildSettings = {
				ALWAYS_SEARCH_USER_PATHS = NO;
				CLANG_CXX_LANGUAGE_STANDARD = "gnu++0x";
				CLANG_CXX_LIBRARY = "libc++";
				CLANG_ENABLE_MODULES = YES;
				CLANG_ENABLE_OBJC_ARC = YES;
				CLANG_WARN_BOOL_CONVERSION = YES;
				CLANG_WARN_CONSTANT_CONVERSION = YES;
				CLANG_WARN_DIRECT_OBJC_ISA_USAGE = YES_ERROR;
				CLANG_WARN_EMPTY_BODY = YES;
				CLANG_WARN_ENUM_CONVERSION = YES;
				CLANG_WARN_INT_CONVERSION = YES;
				CLANG_WARN_OBJC_ROOT_CLASS = YES_ERROR;
				CLANG_WARN_UNREACHABLE_CODE = YES;
				CLANG_WARN__DUPLICATE_METHOD_MATCH = YES;
				"CODE_SIGN_IDENTITY[sdk=iphoneos*]" = "iPhone Developer";
				COPY_PHASE_STRIP = NO;
				DEBUG_INFORMATION_FORMAT = dwarf;
				ENABLE_STRICT_OBJC_MSGSEND = YES;
				ENABLE_TESTABILITY = YES;
				GCC_C_LANGUAGE_STANDARD = gnu99;
				GCC_DYNAMIC_NO_PIC = NO;
				GCC_NO_COMMON_BLOCKS = YES;
				GCC_OPTIMIZATION_LEVEL = 0;
				GCC_PREPROCESSOR_DEFINITIONS = (
					"DEBUG=1",
					"$(inherited)",
				);
				GCC_WARN_64_TO_32_BIT_CONVERSION = YES;
				GCC_WARN_ABOUT_RETURN_TYPE = YES_ERROR;
				GCC_WARN_UNDECLARED_SELECTOR = YES;
				GCC_WARN_UNINITIALIZED_AUTOS = YES_AGGRESSIVE;
				GCC_WARN_UNUSED_FUNCTION = YES;
				GCC_WARN_UNUSED_VARIABLE = YES;
				IPHONEOS_DEPLOYMENT_TARGET = 9.2;
				MTL_ENABLE_DEBUG_INFO = YES;
				ONLY_ACTIVE_ARCH = YES;
				SDKROOT = iphoneos;
				SWIFT_OPTIMIZATION_LEVEL = "-Onone";
			};
			name = Debug;
		};
		02E6B1D31C9572A7006BA1EB /* Release */ = {
			isa = XCBuildConfiguration;
			buildSettings = {
				ALWAYS_SEARCH_USER_PATHS = NO;
				CLANG_CXX_LANGUAGE_STANDARD = "gnu++0x";
				CLANG_CXX_LIBRARY = "libc++";
				CLANG_ENABLE_MODULES = YES;
				CLANG_ENABLE_OBJC_ARC = YES;
				CLANG_WARN_BOOL_CONVERSION = YES;
				CLANG_WARN_CONSTANT_CONVERSION = YES;
				CLANG_WARN_DIRECT_OBJC_ISA_USAGE = YES_ERROR;
				CLANG_WARN_EMPTY_BODY = YES;
				CLANG_WARN_ENUM_CONVERSION = YES;
				CLANG_WARN_INT_CONVERSION = YES;
				CLANG_WARN_OBJC_ROOT_CLASS = YES_ERROR;
				CLANG_WARN_UNREACHABLE_CODE = YES;
				CLANG_WARN__DUPLICATE_METHOD_MATCH = YES;
				"CODE_SIGN_IDENTITY[sdk=iphoneos*]" = "iPhone Developer";
				COPY_PHASE_STRIP = NO;
				DEBUG_INFORMATION_FORMAT = "dwarf-with-dsym";
				ENABLE_NS_ASSERTIONS = NO;
				ENABLE_STRICT_OBJC_MSGSEND = YES;
				GCC_C_LANGUAGE_STANDARD = gnu99;
				GCC_NO_COMMON_BLOCKS = YES;
				GCC_WARN_64_TO_32_BIT_CONVERSION = YES;
				GCC_WARN_ABOUT_RETURN_TYPE = YES_ERROR;
				GCC_WARN_UNDECLARED_SELECTOR = YES;
				GCC_WARN_UNINITIALIZED_AUTOS = YES_AGGRESSIVE;
				GCC_WARN_UNUSED_FUNCTION = YES;
				GCC_WARN_UNUSED_VARIABLE = YES;
				IPHONEOS_DEPLOYMENT_TARGET = 9.2;
				MTL_ENABLE_DEBUG_INFO = NO;
				SDKROOT = iphoneos;
				VALIDATE_PRODUCT = YES;
			};
			name = Release;
		};
		02E6B1D51C9572A7006BA1EB /* Debug */ = {
			isa = XCBuildConfiguration;
			buildSettings = {
				ASSETCATALOG_COMPILER_APPICON_NAME = AppIcon;
				CLANG_ENABLE_MODULES = YES;
				INFOPLIST_FILE = "计步器/Info.plist";
				LD_RUNPATH_SEARCH_PATHS = "$(inherited) @executable_path/Frameworks";
				PRODUCT_BUNDLE_IDENTIFIER = "ccsu.com.---";
				PRODUCT_NAME = Sulo;
				SWIFT_OBJC_BRIDGING_HEADER = "计步器/计步器-Bridging-Header.h";
				SWIFT_OPTIMIZATION_LEVEL = "-Onone";
			};
			name = Debug;
		};
		02E6B1D61C9572A7006BA1EB /* Release */ = {
			isa = XCBuildConfiguration;
			buildSettings = {
				ASSETCATALOG_COMPILER_APPICON_NAME = AppIcon;
				CLANG_ENABLE_MODULES = YES;
				INFOPLIST_FILE = "计步器/Info.plist";
				LD_RUNPATH_SEARCH_PATHS = "$(inherited) @executable_path/Frameworks";
				PRODUCT_BUNDLE_IDENTIFIER = "ccsu.com.---";
				PRODUCT_NAME = Sulo;
				SWIFT_OBJC_BRIDGING_HEADER = "计步器/计步器-Bridging-Header.h";
			};
			name = Release;
		};
		02E6B1D81C9572A7006BA1EB /* Debug */ = {
			isa = XCBuildConfiguration;
			buildSettings = {
				BUNDLE_LOADER = "$(TEST_HOST)";
				INFOPLIST_FILE = "计步器Tests/Info.plist";
				LD_RUNPATH_SEARCH_PATHS = "$(inherited) @executable_path/Frameworks @loader_path/Frameworks";
				PRODUCT_BUNDLE_IDENTIFIER = "ccsu.com.---Tests";
				PRODUCT_NAME = Sulo;
				TEST_HOST = "$(BUILT_PRODUCTS_DIR)/Sulo.app/Sulo";
			};
			name = Debug;
		};
		02E6B1D91C9572A7006BA1EB /* Release */ = {
			isa = XCBuildConfiguration;
			buildSettings = {
				BUNDLE_LOADER = "$(TEST_HOST)";
				INFOPLIST_FILE = "计步器Tests/Info.plist";
				LD_RUNPATH_SEARCH_PATHS = "$(inherited) @executable_path/Frameworks @loader_path/Frameworks";
				PRODUCT_BUNDLE_IDENTIFIER = "ccsu.com.---Tests";
				PRODUCT_NAME = Sulo;
				TEST_HOST = "$(BUILT_PRODUCTS_DIR)/Sulo.app/Sulo";
			};
			name = Release;
		};
		02E6B1DB1C9572A7006BA1EB /* Debug */ = {
			isa = XCBuildConfiguration;
			buildSettings = {
				INFOPLIST_FILE = "计步器UITests/Info.plist";
				LD_RUNPATH_SEARCH_PATHS = "$(inherited) @executable_path/Frameworks @loader_path/Frameworks";
				PRODUCT_BUNDLE_IDENTIFIER = "ccsu.com.---UITests";
				PRODUCT_NAME = Sulo;
				TEST_TARGET_NAME = "计步器";
				USES_XCTRUNNER = YES;
			};
			name = Debug;
		};
		02E6B1DC1C9572A7006BA1EB /* Release */ = {
			isa = XCBuildConfiguration;
			buildSettings = {
				INFOPLIST_FILE = "计步器UITests/Info.plist";
				LD_RUNPATH_SEARCH_PATHS = "$(inherited) @executable_path/Frameworks @loader_path/Frameworks";
				PRODUCT_BUNDLE_IDENTIFIER = "ccsu.com.---UITests";
				PRODUCT_NAME = Sulo;
				TEST_TARGET_NAME = "计步器";
				USES_XCTRUNNER = YES;
			};
			name = Release;
		};
/* End XCBuildConfiguration section */

/* Begin XCConfigurationList section */
		02E6B1A71C9572A7006BA1EB /* Build configuration list for PBXProject "Sulo" */ = {
			isa = XCConfigurationList;
			buildConfigurations = (
				02E6B1D21C9572A7006BA1EB /* Debug */,
				02E6B1D31C9572A7006BA1EB /* Release */,
			);
			defaultConfigurationIsVisible = 0;
			defaultConfigurationName = Release;
		};
		02E6B1D41C9572A7006BA1EB /* Build configuration list for PBXNativeTarget "Sulo" */ = {
			isa = XCConfigurationList;
			buildConfigurations = (
				02E6B1D51C9572A7006BA1EB /* Debug */,
				02E6B1D61C9572A7006BA1EB /* Release */,
			);
			defaultConfigurationIsVisible = 0;
			defaultConfigurationName = Release;
		};
		02E6B1D71C9572A7006BA1EB /* Build configuration list for PBXNativeTarget "SuloTests" */ = {
			isa = XCConfigurationList;
			buildConfigurations = (
				02E6B1D81C9572A7006BA1EB /* Debug */,
				02E6B1D91C9572A7006BA1EB /* Release */,
			);
			defaultConfigurationIsVisible = 0;
			defaultConfigurationName = Release;
		};
		02E6B1DA1C9572A7006BA1EB /* Build configuration list for PBXNativeTarget "SuloUITests" */ = {
			isa = XCConfigurationList;
			buildConfigurations = (
				02E6B1DB1C9572A7006BA1EB /* Debug */,
				02E6B1DC1C9572A7006BA1EB /* Release */,
			);
			defaultConfigurationIsVisible = 0;
			defaultConfigurationName = Release;
		};
/* End XCConfigurationList section */
	};
	rootObject = 02E6B1A41C9572A7006BA1EB /* Project object */;
}
